
Microsoft Visual Studio Solution File, Format Version 11.00
# Visual C++ Express 2010
Project("{8BC9CEB8-8B4A-11D0-8D11-00A0C91BC942}") = "TDT_ActiveX_Console", "TDT_ActiveX_Console.vcxproj", "{9C057586-68AB-40FC-9293-7875AF03F290}"
EndProject
Global
	GlobalSection(SolutionConfigurationPlatforms) = preSolution
		Debug|Win32 = Debug|Win32
		Release|Win32 = Release|Win32
	EndGlobalSection
	GlobalSection(ProjectConfigurationPlatforms) = postSolution
		{9C057586-68AB-40FC-9293-7875AF03F290}.Debug|Win32.ActiveCfg = Debug|Win32
		{9C057586-68AB-40FC-9293-7875AF03F290}.Debug|Win32.Build.0 = Debug|Win32
		{9C057586-68AB-40FC-9293-7875AF03F290}.Release|Win32.ActiveCfg = Release|Win32
		{9C057586-68AB-40FC-9293-7875AF03F290}.Release|Win32.Build.0 = Release|Win32
	EndGlobalSection
	GlobalSection(SolutionProperties) = preSolution
		HideSolutionNode = FALSE
	EndGlobalSection
EndGlobal
